# THIS IS AN AUTOGENERATED FILE. DO NOT EDIT THIS FILE DIRECTLY.
# yarn lockfile v1


"coffee-script@~ 1.7.1":
  version "1.7.1"
  resolved "https://registry.yarnpkg.com/coffee-script/-/coffee-script-1.7.1.tgz#62996a861780c75e6d5069d13822723b73404bfc"
  dependencies:
    mkdirp "~0.3.5"

"coffeescript-module@~ 0.2.1":
  version "0.2.1"
  resolved "https://registry.yarnpkg.com/coffeescript-module/-/coffeescript-module-0.2.1.tgz#2c61aa86983cacd226719f9f1dda923cb0ae67b0"

commander@^2.11.0:
  version "2.11.0"
  resolved "https://registry.yarnpkg.com/commander/-/commander-2.11.0.tgz#157152fd1e7a6c8d98a5b715cf376df928004563"

iconv-lite@^0.4.4, "iconv-lite@~ 0.4.4":
  version "0.4.18"
  resolved "https://registry.yarnpkg.com/iconv-lite/-/iconv-lite-0.4.18.tgz#23d8656b16aae6742ac29732ea8f0336a4789cf2"

"jspack@~ 0.0.3":
  version "0.0.4"
  resolved "https://registry.yarnpkg.com/jspack/-/jspack-0.0.4.tgz#32dd35c7fdcb3e3456c18fbb7ef9ed0bc6238177"

lodash@4.13.1:
  version "4.13.1"
  resolved "https://registry.yarnpkg.com/lodash/-/lodash-4.13.1.tgz#83e4b10913f48496d4d16fec4a560af2ee744b68"

"lodash@~ 2.4":
  version "2.4.2"
  resolved "https://registry.yarnpkg.com/lodash/-/lodash-2.4.2.tgz#fadd834b9683073da179b3eae6d9c0d15053f73e"

mkdirp@~0.3.5:
  version "0.3.5"
  resolved "https://registry.yarnpkg.com/mkdirp/-/mkdirp-0.3.5.tgz#de3e5f8961c88c787ee1368df849ac4413eca8d7"

"parse-engine-data@~ 0.1":
  version "0.1.2"
  resolved "https://registry.yarnpkg.com/parse-engine-data/-/parse-engine-data-0.1.2.tgz#5161f6133c9888f52155ecced42716575dfea052"
  dependencies:
    iconv-lite "^0.4.4"

pngjs@3.2.0:
  version "3.2.0"
  resolved "https://registry.yarnpkg.com/pngjs/-/pngjs-3.2.0.tgz#fc9fcea1a8a375da54a51148019d5abd41dbabde"

psd@^3.2.0:
  version "3.2.0"
  resolved "https://registry.yarnpkg.com/psd/-/psd-3.2.0.tgz#d721c40207d4c99d82fee4ae2d7cfca4fb073da8"
  dependencies:
    coffee-script "~ 1.7.1"
    coffeescript-module "~ 0.2.1"
    iconv-lite "~ 0.4.4"
    jspack "~ 0.0.3"
    lodash "~ 2.4"
    parse-engine-data "~ 0.1"
    pngjs "3.2.0"
    rsvp "~ 3.0.6"

"rsvp@~ 3.0.6":
  version "3.0.21"
  resolved "https://registry.yarnpkg.com/rsvp/-/rsvp-3.0.21.tgz#49c588fe18ef293bcd0ab9f4e6756e6ac433359f"

slugify@^1.2.1:
  version "1.2.1"
  resolved "https://registry.yarnpkg.com/slugify/-/slugify-1.2.1.tgz#2118f4b0fbcfd79d7b2c451c22b724e5c1991330"
